
Microsoft Visual Studio Solution File, Format Version 12.00
# Visual Studio Version 17
VisualStudioVersion = 17.8.34316.72
MinimumVisualStudioVersion = 10.0.40219.1
Project("{FAE04EC0-301F-11D3-BF4B-00C04F79EFBC}") = "ShopOnline.Web", "ShopOnline.Web\ShopOnline.Web.csproj", "{FC9C6258-44E2-4F00-8639-4D052DF523E4}"
EndProject
Project("{FAE04EC0-301F-11D3-BF4B-00C04F79EFBC}") = "ShopOnline.Api", "ShopOnline.Api\ShopOnline.Api.csproj", "{03B9E8F8-BBE3-437F-9C04-2572F45F601B}"
EndProject
Project("{FAE04EC0-301F-11D3-BF4B-00C04F79EFBC}") = "Shoponline.Models", "Shoponline.Models\Shoponline.Models.csproj", "{09206B8F-B64A-4AA4-8BC6-0EF1D3F53E8B}"
EndProject
Global
	GlobalSection(SolutionConfigurationPlatforms) = preSolution
		Debug|Any CPU = Debug|Any CPU
		Release|Any CPU = Release|Any CPU
	EndGlobalSection
	GlobalSection(ProjectConfigurationPlatforms) = postSolution
		{FC9C6258-44E2-4F00-8639-4D052DF523E4}.Debug|Any CPU.ActiveCfg = Debug|Any CPU
		{FC9C6258-44E2-4F00-8639-4D052DF523E4}.Debug|Any CPU.Build.0 = Debug|Any CPU
		{FC9C6258-44E2-4F00-8639-4D052DF523E4}.Release|Any CPU.ActiveCfg = Release|Any CPU
		{FC9C6258-44E2-4F00-8639-4D052DF523E4}.Release|Any CPU.Build.0 = Release|Any CPU
		{03B9E8F8-BBE3-437F-9C04-2572F45F601B}.Debug|Any CPU.ActiveCfg = Debug|Any CPU
		{03B9E8F8-BBE3-437F-9C04-2572F45F601B}.Debug|Any CPU.Build.0 = Debug|Any CPU
		{03B9E8F8-BBE3-437F-9C04-2572F45F601B}.Release|Any CPU.ActiveCfg = Release|Any CPU
		{03B9E8F8-BBE3-437F-9C04-2572F45F601B}.Release|Any CPU.Build.0 = Release|Any CPU
		{09206B8F-B64A-4AA4-8BC6-0EF1D3F53E8B}.Debug|Any CPU.ActiveCfg = Debug|Any CPU
		{09206B8F-B64A-4AA4-8BC6-0EF1D3F53E8B}.Debug|Any CPU.Build.0 = Debug|Any CPU
		{09206B8F-B64A-4AA4-8BC6-0EF1D3F53E8B}.Release|Any CPU.ActiveCfg = Release|Any CPU
		{09206B8F-B64A-4AA4-8BC6-0EF1D3F53E8B}.Release|Any CPU.Build.0 = Release|Any CPU
	EndGlobalSection
	GlobalSection(SolutionProperties) = preSolution
		HideSolutionNode = FALSE
	EndGlobalSection
	GlobalSection(ExtensibilityGlobals) = postSolution
		SolutionGuid = {DB251705-7769-4B84-8E14-54E5CC246A42}
	EndGlobalSection
EndGlobal
